{
  "version": 4,
  "terraform_version": "1.10.3",
  "serial": 6,
  "lineage": "5153430f-b756-53a6-3530-8adbd32b7ac3",
  "outputs": {},
  "resources": [
    {
      "mode": "managed",
      "type": "azurerm_app_service",
      "name": "example",
      "provider": "provider[\"registry.terraform.io/hashicorp/azurerm\"]",
      "instances": [
        {
          "schema_version": 0,
          "attributes": {
            "app_service_plan_id": "/subscriptions/70b03d67-56bd-4483-8274-f4966fb4bdc5/resourceGroups/rg-example/providers/Microsoft.Web/serverFarms/app-service-plan-example",
            "app_settings": {},
            "auth_settings": [
              {
                "active_directory": [],
                "additional_login_params": {},
                "allowed_external_redirect_urls": [],
                "default_provider": "",
                "enabled": false,
                "facebook": [],
                "google": [],
                "issuer": "",
                "microsoft": [],
                "runtime_version": "",
                "token_refresh_extension_hours": 0,
                "token_store_enabled": false,
                "twitter": [],
                "unauthenticated_client_action": ""
              }
            ],
            "backup": [],
            "client_affinity_enabled": false,
            "client_cert_enabled": false,
            "client_cert_mode": "Required",
            "connection_string": [],
            "custom_domain_verification_id": "7822A09E9D8AE4E5BDFE52DDD31E0D6F041BC83E34089BF63CBEF607720BD3F0",
            "default_site_hostname": "example-app-service-mo.azurewebsites.net",
            "enabled": true,
            "https_only": false,
            "id": "/subscriptions/70b03d67-56bd-4483-8274-f4966fb4bdc5/resourceGroups/rg-example/providers/Microsoft.Web/sites/example-app-service-mo",
            "identity": [],
            "key_vault_reference_identity_id": "SystemAssigned",
            "location": "westeurope",
            "logs": [
              {
                "application_logs": [
                  {
                    "azure_blob_storage": [],
                    "file_system_level": "Off"
                  }
                ],
                "detailed_error_messages_enabled": false,
                "failed_request_tracing_enabled": false,
                "http_logs": [
                  {
                    "azure_blob_storage": [],
                    "file_system": []
                  }
                ]
              }
            ],
            "name": "example-app-service-mo",
            "outbound_ip_address_list": [
              "20.4.155.182",
              "20.4.155.193",
              "20.4.156.16",
              "20.4.156.74",
              "20.4.156.185",
              "20.4.156.228",
              "20.4.153.241",
              "20.4.153.250",
              "20.4.153.255",
              "20.4.154.22",
              "20.4.154.41",
              "20.4.154.46",
              "20.105.232.42"
            ],
            "outbound_ip_addresses": "20.4.155.182,20.4.155.193,20.4.156.16,20.4.156.74,20.4.156.185,20.4.156.228,20.4.153.241,20.4.153.250,20.4.153.255,20.4.154.22,20.4.154.41,20.4.154.46,20.105.232.42",
            "possible_outbound_ip_address_list": [
              "20.4.155.182",
              "20.4.155.193",
              "20.4.156.16",
              "20.4.156.74",
              "20.4.156.185",
              "20.4.156.228",
              "20.4.153.241",
              "20.4.153.250",
              "20.4.153.255",
              "20.4.154.22",
              "20.4.154.41",
              "20.4.154.46",
              "20.4.154.52",
              "20.4.154.140",
              "20.4.154.181",
              "20.23.163.147",
              "20.4.154.190",
              "20.4.154.203",
              "20.4.154.227",
              "20.4.155.19",
              "20.4.155.122",
              "20.4.155.124",
              "20.4.155.133",
              "20.4.155.138",
              "20.4.157.53",
              "20.4.157.109",
              "20.4.157.128",
              "20.4.157.185",
              "20.4.157.217",
              "20.4.158.126",
              "20.105.232.42"
            ],
            "possible_outbound_ip_addresses": "20.4.155.182,20.4.155.193,20.4.156.16,20.4.156.74,20.4.156.185,20.4.156.228,20.4.153.241,20.4.153.250,20.4.153.255,20.4.154.22,20.4.154.41,20.4.154.46,20.4.154.52,20.4.154.140,20.4.154.181,20.23.163.147,20.4.154.190,20.4.154.203,20.4.154.227,20.4.155.19,20.4.155.122,20.4.155.124,20.4.155.133,20.4.155.138,20.4.157.53,20.4.157.109,20.4.157.128,20.4.157.185,20.4.157.217,20.4.158.126,20.105.232.42",
            "resource_group_name": "rg-example",
            "site_config": [
              {
                "acr_use_managed_identity_credentials": false,
                "acr_user_managed_identity_client_id": "",
                "always_on": false,
                "app_command_line": "",
                "auto_swap_slot_name": "",
                "cors": [
                  {
                    "allowed_origins": [],
                    "support_credentials": false
                  }
                ],
                "default_documents": null,
                "dotnet_framework_version": "v4.0",
                "ftps_state": "FtpsOnly",
                "health_check_path": "",
                "http2_enabled": false,
                "ip_restriction": [],
                "java_container": "",
                "java_container_version": "",
                "java_version": "",
                "linux_fx_version": "NODE|14-lts",
                "local_mysql_enabled": false,
                "managed_pipeline_mode": "Integrated",
                "min_tls_version": "1.2",
                "number_of_workers": 1,
                "php_version": "",
                "python_version": "",
                "remote_debugging_enabled": false,
                "remote_debugging_version": "VS2022",
                "scm_ip_restriction": [],
                "scm_type": "None",
                "scm_use_main_ip_restriction": false,
                "use_32_bit_worker_process": false,
                "vnet_route_all_enabled": false,
                "websockets_enabled": false,
                "windows_fx_version": ""
              }
            ],
            "site_credential": [
              {
                "password": "y4AMuccvpWEfKF5epDfxmlDPzQK4d5gp1AEmCFDRxtwpkcAH1iRuqknsS9sX",
                "username": "$example-app-service-mo"
              }
            ],
            "source_control": [
              {
                "branch": "main",
                "manual_integration": false,
                "repo_url": "",
                "rollback_enabled": false,
                "use_mercurial": false
              }
            ],
            "storage_account": [],
            "tags": null,
            "timeouts": null
          },
          "sensitive_attributes": [],
          "private": "eyJlMmJmYjczMC1lY2FhLTExZTYtOGY4OC0zNDM2M2JjN2M0YzAiOnsiY3JlYXRlIjoxODAwMDAwMDAwMDAwLCJkZWxldGUiOjE4MDAwMDAwMDAwMDAsInJlYWQiOjMwMDAwMDAwMDAwMCwidXBkYXRlIjoxODAwMDAwMDAwMDAwfX0=",
          "dependencies": [
            "azurerm_app_service_plan.example",
            "azurerm_resource_group.example"
          ]
        }
      ]
    },
    {
      "mode": "managed",
      "type": "azurerm_app_service_plan",
      "name": "example",
      "provider": "provider[\"registry.terraform.io/hashicorp/azurerm\"]",
      "instances": [
        {
          "schema_version": 1,
          "attributes": {
            "app_service_environment_id": "",
            "id": "/subscriptions/70b03d67-56bd-4483-8274-f4966fb4bdc5/resourceGroups/rg-example/providers/Microsoft.Web/serverFarms/app-service-plan-example",
            "is_xenon": false,
            "kind": "linux",
            "location": "westeurope",
            "maximum_elastic_worker_count": 1,
            "maximum_number_of_workers": 3,
            "name": "app-service-plan-example",
            "per_site_scaling": false,
            "reserved": true,
            "resource_group_name": "rg-example",
            "sku": [
              {
                "capacity": 1,
                "size": "B1",
                "tier": "Basic"
              }
            ],
            "tags": {},
            "timeouts": null,
            "zone_redundant": false
          },
          "sensitive_attributes": [],
          "private": "eyJlMmJmYjczMC1lY2FhLTExZTYtOGY4OC0zNDM2M2JjN2M0YzAiOnsiY3JlYXRlIjozNjAwMDAwMDAwMDAwLCJkZWxldGUiOjM2MDAwMDAwMDAwMDAsInJlYWQiOjMwMDAwMDAwMDAwMCwidXBkYXRlIjozNjAwMDAwMDAwMDAwfSwic2NoZW1hX3ZlcnNpb24iOiIxIn0=",
          "dependencies": [
            "azurerm_resource_group.example"
          ]
        }
      ]
    },
    {
      "mode": "managed",
      "type": "azurerm_resource_group",
      "name": "example",
      "provider": "provider[\"registry.terraform.io/hashicorp/azurerm\"]",
      "instances": [
        {
          "schema_version": 0,
          "attributes": {
            "id": "/subscriptions/70b03d67-56bd-4483-8274-f4966fb4bdc5/resourceGroups/rg-example",
            "location": "westeurope",
            "managed_by": "",
            "name": "rg-example",
            "tags": {},
            "timeouts": null
          },
          "sensitive_attributes": [],
          "private": "eyJlMmJmYjczMC1lY2FhLTExZTYtOGY4OC0zNDM2M2JjN2M0YzAiOnsiY3JlYXRlIjo1NDAwMDAwMDAwMDAwLCJkZWxldGUiOjU0MDAwMDAwMDAwMDAsInJlYWQiOjMwMDAwMDAwMDAwMCwidXBkYXRlIjo1NDAwMDAwMDAwMDAwfX0="
        }
      ]
    }
  ],
  "check_results": null
}
